// !$*UTF8*$!
{
	archiveVersion = 1;
	classes = {
	};
	objectVersion = 56;
	objects = {

/* Begin PBXBuildFile section */
		8492530D29437D6D0068D6E0 /* AppDelegate.swift in Sources */ = {isa = PBXBuildFile; fileRef = 8492530C29437D6D0068D6E0 /* AppDelegate.swift */; };
		8492531429437D6D0068D6E0 /* Main.storyboard in Resources */ = {isa = PBXBuildFile; fileRef = 8492531229437D6D0068D6E0 /* Main.storyboard */; };
		8492531629437D700068D6E0 /* Assets.xcassets in Resources */ = {isa = PBXBuildFile; fileRef = 8492531529437D700068D6E0 /* Assets.xcassets */; };
		8492531929437D700068D6E0 /* LaunchScreen.storyboard in Resources */ = {isa = PBXBuildFile; fileRef = 8492531729437D700068D6E0 /* LaunchScreen.storyboard */; };
		8492532429437D710068D6E0 /* StrategyTests.swift in Sources */ = {isa = PBXBuildFile; fileRef = 8492532329437D710068D6E0 /* StrategyTests.swift */; };
		8492532E29437D710068D6E0 /* StrategyUITests.swift in Sources */ = {isa = PBXBuildFile; fileRef = 8492532D29437D710068D6E0 /* StrategyUITests.swift */; };
		8492533029437D710068D6E0 /* StrategyUITestsLaunchTests.swift in Sources */ = {isa = PBXBuildFile; fileRef = 8492532F29437D710068D6E0 /* StrategyUITestsLaunchTests.swift */; };
		8492534329437E630068D6E0 /* StrategyVC.swift in Sources */ = {isa = PBXBuildFile; fileRef = 8492534229437E630068D6E0 /* StrategyVC.swift */; };
		8492534729437F4B0068D6E0 /* Strategy.swift in Sources */ = {isa = PBXBuildFile; fileRef = 8492534629437F4B0068D6E0 /* Strategy.swift */; };
		8492534929437F5A0068D6E0 /* Context.swift in Sources */ = {isa = PBXBuildFile; fileRef = 8492534829437F5A0068D6E0 /* Context.swift */; };
		8492534B29437F6A0068D6E0 /* ConcreteStrategyA.swift in Sources */ = {isa = PBXBuildFile; fileRef = 8492534A29437F6A0068D6E0 /* ConcreteStrategyA.swift */; };
		8492534D29437F770068D6E0 /* ConcreteStrategyB.swift in Sources */ = {isa = PBXBuildFile; fileRef = 8492534C29437F760068D6E0 /* ConcreteStrategyB.swift */; };
		8492535029437FE60068D6E0 /* ListController.swift in Sources */ = {isa = PBXBuildFile; fileRef = 8492534F29437FE60068D6E0 /* ListController.swift */; };
		84925353294380000068D6E0 /* DataSource.swift in Sources */ = {isa = PBXBuildFile; fileRef = 84925352294380000068D6E0 /* DataSource.swift */; };
		84925356294380150068D6E0 /* MemoryStorage.swift in Sources */ = {isa = PBXBuildFile; fileRef = 84925355294380150068D6E0 /* MemoryStorage.swift */; };
		84925358294380210068D6E0 /* CoreDataStorage.swift in Sources */ = {isa = PBXBuildFile; fileRef = 84925357294380210068D6E0 /* CoreDataStorage.swift */; };
		8492535A2943802E0068D6E0 /* RealmStorage.swift in Sources */ = {isa = PBXBuildFile; fileRef = 849253592943802E0068D6E0 /* RealmStorage.swift */; };
		8492535C2943803E0068D6E0 /* DomainModel.swift in Sources */ = {isa = PBXBuildFile; fileRef = 8492535B2943803E0068D6E0 /* DomainModel.swift */; };
		8492535F294380580068D6E0 /* User.swift in Sources */ = {isa = PBXBuildFile; fileRef = 8492535E294380580068D6E0 /* User.swift */; };
/* End PBXBuildFile section */

/* Begin PBXContainerItemProxy section */
		8492532029437D710068D6E0 /* PBXContainerItemProxy */ = {
			isa = PBXContainerItemProxy;
			containerPortal = 8492530129437D6D0068D6E0 /* Project object */;
			proxyType = 1;
			remoteGlobalIDString = 8492530829437D6D0068D6E0;
			remoteInfo = Strategy;
		};
		8492532A29437D710068D6E0 /* PBXContainerItemProxy */ = {
			isa = PBXContainerItemProxy;
			containerPortal = 8492530129437D6D0068D6E0 /* Project object */;
			proxyType = 1;
			remoteGlobalIDString = 8492530829437D6D0068D6E0;
			remoteInfo = Strategy;
		};
/* End PBXContainerItemProxy section */

/* Begin PBXFileReference section */
		8492530929437D6D0068D6E0 /* Strategy.app */ = {isa = PBXFileReference; explicitFileType = wrapper.application; includeInIndex = 0; path = Strategy.app; sourceTree = BUILT_PRODUCTS_DIR; };
		8492530C29437D6D0068D6E0 /* AppDelegate.swift */ = {isa = PBXFileReference; lastKnownFileType = sourcecode.swift; path = AppDelegate.swift; sourceTree = "<group>"; };
		8492531329437D6D0068D6E0 /* Base */ = {isa = PBXFileReference; lastKnownFileType = file.storyboard; name = Base; path = Base.lproj/Main.storyboard; sourceTree = "<group>"; };
		8492531529437D700068D6E0 /* Assets.xcassets */ = {isa = PBXFileReference; lastKnownFileType = folder.assetcatalog; path = Assets.xcassets; sourceTree = "<group>"; };
		8492531829437D700068D6E0 /* Base */ = {isa = PBXFileReference; lastKnownFileType = file.storyboard; name = Base; path = Base.lproj/LaunchScreen.storyboard; sourceTree = "<group>"; };
		8492531A29437D700068D6E0 /* Info.plist */ = {isa = PBXFileReference; lastKnownFileType = text.plist.xml; path = Info.plist; sourceTree = "<group>"; };
		8492531F29437D710068D6E0 /* StrategyTests.xctest */ = {isa = PBXFileReference; explicitFileType = wrapper.cfbundle; includeInIndex = 0; path = StrategyTests.xctest; sourceTree = BUILT_PRODUCTS_DIR; };
		8492532329437D710068D6E0 /* StrategyTests.swift */ = {isa = PBXFileReference; lastKnownFileType = sourcecode.swift; path = StrategyTests.swift; sourceTree = "<group>"; };
		8492532929437D710068D6E0 /* StrategyUITests.xctest */ = {isa = PBXFileReference; explicitFileType = wrapper.cfbundle; includeInIndex = 0; path = StrategyUITests.xctest; sourceTree = BUILT_PRODUCTS_DIR; };
		8492532D29437D710068D6E0 /* StrategyUITests.swift */ = {isa = PBXFileReference; lastKnownFileType = sourcecode.swift; path = StrategyUITests.swift; sourceTree = "<group>"; };
		8492532F29437D710068D6E0 /* StrategyUITestsLaunchTests.swift */ = {isa = PBXFileReference; lastKnownFileType = sourcecode.swift; path = StrategyUITestsLaunchTests.swift; sourceTree = "<group>"; };
		8492534229437E630068D6E0 /* StrategyVC.swift */ = {isa = PBXFileReference; lastKnownFileType = sourcecode.swift; path = StrategyVC.swift; sourceTree = "<group>"; };
		8492534629437F4B0068D6E0 /* Strategy.swift */ = {isa = PBXFileReference; lastKnownFileType = sourcecode.swift; path = Strategy.swift; sourceTree = "<group>"; };
		8492534829437F5A0068D6E0 /* Context.swift */ = {isa = PBXFileReference; lastKnownFileType = sourcecode.swift; path = Context.swift; sourceTree = "<group>"; };
		8492534A29437F6A0068D6E0 /* ConcreteStrategyA.swift */ = {isa = PBXFileReference; lastKnownFileType = sourcecode.swift; path = ConcreteStrategyA.swift; sourceTree = "<group>"; };
		8492534C29437F760068D6E0 /* ConcreteStrategyB.swift */ = {isa = PBXFileReference; lastKnownFileType = sourcecode.swift; path = ConcreteStrategyB.swift; sourceTree = "<group>"; };
		8492534F29437FE60068D6E0 /* ListController.swift */ = {isa = PBXFileReference; lastKnownFileType = sourcecode.swift; path = ListController.swift; sourceTree = "<group>"; };
		84925352294380000068D6E0 /* DataSource.swift */ = {isa = PBXFileReference; lastKnownFileType = sourcecode.swift; path = DataSource.swift; sourceTree = "<group>"; };
		84925355294380150068D6E0 /* MemoryStorage.swift */ = {isa = PBXFileReference; lastKnownFileType = sourcecode.swift; path = MemoryStorage.swift; sourceTree = "<group>"; };
		84925357294380210068D6E0 /* CoreDataStorage.swift */ = {isa = PBXFileReference; lastKnownFileType = sourcecode.swift; path = CoreDataStorage.swift; sourceTree = "<group>"; };
		849253592943802E0068D6E0 /* RealmStorage.swift */ = {isa = PBXFileReference; lastKnownFileType = sourcecode.swift; path = RealmStorage.swift; sourceTree = "<group>"; };
		8492535B2943803E0068D6E0 /* DomainModel.swift */ = {isa = PBXFileReference; lastKnownFileType = sourcecode.swift; path = DomainModel.swift; sourceTree = "<group>"; };
		8492535E294380580068D6E0 /* User.swift */ = {isa = PBXFileReference; lastKnownFileType = sourcecode.swift; path = User.swift; sourceTree = "<group>"; };
/* End PBXFileReference section */

/* Begin PBXFrameworksBuildPhase section */
		8492530629437D6D0068D6E0 /* Frameworks */ = {
			isa = PBXFrameworksBuildPhase;
			buildActionMask = 2147483647;
			files = (
			);
			runOnlyForDeploymentPostprocessing = 0;
		};
		8492531C29437D710068D6E0 /* Frameworks */ = {
			isa = PBXFrameworksBuildPhase;
			buildActionMask = 2147483647;
			files = (
			);
			runOnlyForDeploymentPostprocessing = 0;
		};
		8492532629437D710068D6E0 /* Frameworks */ = {
			isa = PBXFrameworksBuildPhase;
			buildActionMask = 2147483647;
			files = (
			);
			runOnlyForDeploymentPostprocessing = 0;
		};
/* End PBXFrameworksBuildPhase section */

/* Begin PBXGroup section */
		8492530029437D6D0068D6E0 = {
			isa = PBXGroup;
			children = (
				8492530B29437D6D0068D6E0 /* Strategy */,
				8492532229437D710068D6E0 /* StrategyTests */,
				8492532C29437D710068D6E0 /* StrategyUITests */,
				8492530A29437D6D0068D6E0 /* Products */,
			);
			sourceTree = "<group>";
		};
		8492530A29437D6D0068D6E0 /* Products */ = {
			isa = PBXGroup;
			children = (
				8492530929437D6D0068D6E0 /* Strategy.app */,
				8492531F29437D710068D6E0 /* StrategyTests.xctest */,
				8492532929437D710068D6E0 /* StrategyUITests.xctest */,
			);
			name = Products;
			sourceTree = "<group>";
		};
		8492530B29437D6D0068D6E0 /* Strategy */ = {
			isa = PBXGroup;
			children = (
				8492530C29437D6D0068D6E0 /* AppDelegate.swift */,
				8492533F29437DDA0068D6E0 /* Example */,
				8492533E29437DD30068D6E0 /* Concept */,
				8492533C29437DAE0068D6E0 /* ViewControllers */,
				8492533D29437DC70068D6E0 /* Storyboards */,
				8492531529437D700068D6E0 /* Assets.xcassets */,
				8492531A29437D700068D6E0 /* Info.plist */,
			);
			path = Strategy;
			sourceTree = "<group>";
		};
		8492532229437D710068D6E0 /* StrategyTests */ = {
			isa = PBXGroup;
			children = (
				8492532329437D710068D6E0 /* StrategyTests.swift */,
			);
			path = StrategyTests;
			sourceTree = "<group>";
		};
		8492532C29437D710068D6E0 /* StrategyUITests */ = {
			isa = PBXGroup;
			children = (
				8492532D29437D710068D6E0 /* StrategyUITests.swift */,
				8492532F29437D710068D6E0 /* StrategyUITestsLaunchTests.swift */,
			);
			path = StrategyUITests;
			sourceTree = "<group>";
		};
		8492533C29437DAE0068D6E0 /* ViewControllers */ = {
			isa = PBXGroup;
			children = (
				8492534129437DEB0068D6E0 /* StrategyVC */,
			);
			path = ViewControllers;
			sourceTree = "<group>";
		};
		8492533D29437DC70068D6E0 /* Storyboards */ = {
			isa = PBXGroup;
			children = (
				8492531229437D6D0068D6E0 /* Main.storyboard */,
				8492531729437D700068D6E0 /* LaunchScreen.storyboard */,
			);
			path = Storyboards;
			sourceTree = "<group>";
		};
		8492533E29437DD30068D6E0 /* Concept */ = {
			isa = PBXGroup;
			children = (
				8492534529437F2A0068D6E0 /* Interface */,
				8492534429437F250068D6E0 /* Context */,
				8492534029437DE00068D6E0 /* Strategies */,
			);
			path = Concept;
			sourceTree = "<group>";
		};
		8492533F29437DDA0068D6E0 /* Example */ = {
			isa = PBXGroup;
			children = (
				8492535129437FF10068D6E0 /* Interface */,
				8492534E29437FD70068D6E0 /* Controllers */,
				849253542943800B0068D6E0 /* Storage */,
				8492535D2943804A0068D6E0 /* Structures */,
			);
			path = Example;
			sourceTree = "<group>";
		};
		8492534029437DE00068D6E0 /* Strategies */ = {
			isa = PBXGroup;
			children = (
				8492534A29437F6A0068D6E0 /* ConcreteStrategyA.swift */,
				8492534C29437F760068D6E0 /* ConcreteStrategyB.swift */,
			);
			path = Strategies;
			sourceTree = "<group>";
		};
		8492534129437DEB0068D6E0 /* StrategyVC */ = {
			isa = PBXGroup;
			children = (
				8492534229437E630068D6E0 /* StrategyVC.swift */,
			);
			path = StrategyVC;
			sourceTree = "<group>";
		};
		8492534429437F250068D6E0 /* Context */ = {
			isa = PBXGroup;
			children = (
				8492534829437F5A0068D6E0 /* Context.swift */,
			);
			path = Context;
			sourceTree = "<group>";
		};
		8492534529437F2A0068D6E0 /* Interface */ = {
			isa = PBXGroup;
			children = (
				8492534629437F4B0068D6E0 /* Strategy.swift */,
			);
			path = Interface;
			sourceTree = "<group>";
		};
		8492534E29437FD70068D6E0 /* Controllers */ = {
			isa = PBXGroup;
			children = (
				8492534F29437FE60068D6E0 /* ListController.swift */,
			);
			path = Controllers;
			sourceTree = "<group>";
		};
		8492535129437FF10068D6E0 /* Interface */ = {
			isa = PBXGroup;
			children = (
				84925352294380000068D6E0 /* DataSource.swift */,
				8492535B2943803E0068D6E0 /* DomainModel.swift */,
			);
			path = Interface;
			sourceTree = "<group>";
		};
		849253542943800B0068D6E0 /* Storage */ = {
			isa = PBXGroup;
			children = (
				84925355294380150068D6E0 /* MemoryStorage.swift */,
				84925357294380210068D6E0 /* CoreDataStorage.swift */,
				849253592943802E0068D6E0 /* RealmStorage.swift */,
			);
			path = Storage;
			sourceTree = "<group>";
		};
		8492535D2943804A0068D6E0 /* Structures */ = {
			isa = PBXGroup;
			children = (
				8492535E294380580068D6E0 /* User.swift */,
			);
			path = Structures;
			sourceTree = "<group>";
		};
/* End PBXGroup section */

/* Begin PBXNativeTarget section */
		8492530829437D6D0068D6E0 /* Strategy */ = {
			isa = PBXNativeTarget;
			buildConfigurationList = 8492533329437D710068D6E0 /* Build configuration list for PBXNativeTarget "Strategy" */;
			buildPhases = (
				8492530529437D6D0068D6E0 /* Sources */,
				8492530629437D6D0068D6E0 /* Frameworks */,
				8492530729437D6D0068D6E0 /* Resources */,
			);
			buildRules = (
			);
			dependencies = (
			);
			name = Strategy;
			productName = Strategy;
			productReference = 8492530929437D6D0068D6E0 /* Strategy.app */;
			productType = "com.apple.product-type.application";
		};
		8492531E29437D710068D6E0 /* StrategyTests */ = {
			isa = PBXNativeTarget;
			buildConfigurationList = 8492533629437D710068D6E0 /* Build configuration list for PBXNativeTarget "StrategyTests" */;
			buildPhases = (
				8492531B29437D710068D6E0 /* Sources */,
				8492531C29437D710068D6E0 /* Frameworks */,
				8492531D29437D710068D6E0 /* Resources */,
			);
			buildRules = (
			);
			dependencies = (
				8492532129437D710068D6E0 /* PBXTargetDependency */,
			);
			name = StrategyTests;
			productName = StrategyTests;
			productReference = 8492531F29437D710068D6E0 /* StrategyTests.xctest */;
			productType = "com.apple.product-type.bundle.unit-test";
		};
		8492532829437D710068D6E0 /* StrategyUITests */ = {
			isa = PBXNativeTarget;
			buildConfigurationList = 8492533929437D710068D6E0 /* Build configuration list for PBXNativeTarget "StrategyUITests" */;
			buildPhases = (
				8492532529437D710068D6E0 /* Sources */,
				8492532629437D710068D6E0 /* Frameworks */,
				8492532729437D710068D6E0 /* Resources */,
			);
			buildRules = (
			);
			dependencies = (
				8492532B29437D710068D6E0 /* PBXTargetDependency */,
			);
			name = StrategyUITests;
			productName = StrategyUITests;
			productReference = 8492532929437D710068D6E0 /* StrategyUITests.xctest */;
			productType = "com.apple.product-type.bundle.ui-testing";
		};
/* End PBXNativeTarget section */

/* Begin PBXProject section */
		8492530129437D6D0068D6E0 /* Project object */ = {
			isa = PBXProject;
			attributes = {
				BuildIndependentTargetsInParallel = 1;
				LastSwiftUpdateCheck = 1400;
				LastUpgradeCheck = 1400;
				TargetAttributes = {
					8492530829437D6D0068D6E0 = {
						CreatedOnToolsVersion = 14.0.1;
					};
					8492531E29437D710068D6E0 = {
						CreatedOnToolsVersion = 14.0.1;
						TestTargetID = 8492530829437D6D0068D6E0;
					};
					8492532829437D710068D6E0 = {
						CreatedOnToolsVersion = 14.0.1;
						TestTargetID = 8492530829437D6D0068D6E0;
					};
				};
			};
			buildConfigurationList = 8492530429437D6D0068D6E0 /* Build configuration list for PBXProject "Strategy" */;
			compatibilityVersion = "Xcode 14.0";
			developmentRegion = en;
			hasScannedForEncodings = 0;
			knownRegions = (
				en,
				Base,
			);
			mainGroup = 8492530029437D6D0068D6E0;
			productRefGroup = 8492530A29437D6D0068D6E0 /* Products */;
			projectDirPath = "";
			projectRoot = "";
			targets = (
				8492530829437D6D0068D6E0 /* Strategy */,
				8492531E29437D710068D6E0 /* StrategyTests */,
				8492532829437D710068D6E0 /* StrategyUITests */,
			);
		};
/* End PBXProject section */

/* Begin PBXResourcesBuildPhase section */
		8492530729437D6D0068D6E0 /* Resources */ = {
			isa = PBXResourcesBuildPhase;
			buildActionMask = 2147483647;
			files = (
				8492531929437D700068D6E0 /* LaunchScreen.storyboard in Resources */,
				8492531629437D700068D6E0 /* Assets.xcassets in Resources */,
				8492531429437D6D0068D6E0 /* Main.storyboard in Resources */,
			);
			runOnlyForDeploymentPostprocessing = 0;
		};
		8492531D29437D710068D6E0 /* Resources */ = {
			isa = PBXResourcesBuildPhase;
			buildActionMask = 2147483647;
			files = (
			);
			runOnlyForDeploymentPostprocessing = 0;
		};
		8492532729437D710068D6E0 /* Resources */ = {
			isa = PBXResourcesBuildPhase;
			buildActionMask = 2147483647;
			files = (
			);
			runOnlyForDeploymentPostprocessing = 0;
		};
/* End PBXResourcesBuildPhase section */

/* Begin PBXSourcesBuildPhase section */
		8492530529437D6D0068D6E0 /* Sources */ = {
			isa = PBXSourcesBuildPhase;
			buildActionMask = 2147483647;
			files = (
				8492535F294380580068D6E0 /* User.swift in Sources */,
				84925358294380210068D6E0 /* CoreDataStorage.swift in Sources */,
				8492530D29437D6D0068D6E0 /* AppDelegate.swift in Sources */,
				8492534929437F5A0068D6E0 /* Context.swift in Sources */,
				8492535A2943802E0068D6E0 /* RealmStorage.swift in Sources */,
				8492534D29437F770068D6E0 /* ConcreteStrategyB.swift in Sources */,
				8492535C2943803E0068D6E0 /* DomainModel.swift in Sources */,
				8492534329437E630068D6E0 /* StrategyVC.swift in Sources */,
				8492534729437F4B0068D6E0 /* Strategy.swift in Sources */,
				8492534B29437F6A0068D6E0 /* ConcreteStrategyA.swift in Sources */,
				84925356294380150068D6E0 /* MemoryStorage.swift in Sources */,
				84925353294380000068D6E0 /* DataSource.swift in Sources */,
				8492535029437FE60068D6E0 /* ListController.swift in Sources */,
			);
			runOnlyForDeploymentPostprocessing = 0;
		};
		8492531B29437D710068D6E0 /* Sources */ = {
			isa = PBXSourcesBuildPhase;
			buildActionMask = 2147483647;
			files = (
				8492532429437D710068D6E0 /* StrategyTests.swift in Sources */,
			);
			runOnlyForDeploymentPostprocessing = 0;
		};
		8492532529437D710068D6E0 /* Sources */ = {
			isa = PBXSourcesBuildPhase;
			buildActionMask = 2147483647;
			files = (
				8492533029437D710068D6E0 /* StrategyUITestsLaunchTests.swift in Sources */,
				8492532E29437D710068D6E0 /* StrategyUITests.swift in Sources */,
			);
			runOnlyForDeploymentPostprocessing = 0;
		};
/* End PBXSourcesBuildPhase section */

/* Begin PBXTargetDependency section */
		8492532129437D710068D6E0 /* PBXTargetDependency */ = {
			isa = PBXTargetDependency;
			target = 8492530829437D6D0068D6E0 /* Strategy */;
			targetProxy = 8492532029437D710068D6E0 /* PBXContainerItemProxy */;
		};
		8492532B29437D710068D6E0 /* PBXTargetDependency */ = {
			isa = PBXTargetDependency;
			target = 8492530829437D6D0068D6E0 /* Strategy */;
			targetProxy = 8492532A29437D710068D6E0 /* PBXContainerItemProxy */;
		};
/* End PBXTargetDependency section */

/* Begin PBXVariantGroup section */
		8492531229437D6D0068D6E0 /* Main.storyboard */ = {
			isa = PBXVariantGroup;
			children = (
				8492531329437D6D0068D6E0 /* Base */,
			);
			name = Main.storyboard;
			sourceTree = "<group>";
		};
		8492531729437D700068D6E0 /* LaunchScreen.storyboard */ = {
			isa = PBXVariantGroup;
			children = (
				8492531829437D700068D6E0 /* Base */,
			);
			name = LaunchScreen.storyboard;
			sourceTree = "<group>";
		};
/* End PBXVariantGroup section */

/* Begin XCBuildConfiguration section */
		8492533129437D710068D6E0 /* Debug */ = {
			isa = XCBuildConfiguration;
			buildSettings = {
				ALWAYS_SEARCH_USER_PATHS = NO;
				CLANG_ANALYZER_NONNULL = YES;
				CLANG_ANALYZER_NUMBER_OBJECT_CONVERSION = YES_AGGRESSIVE;
				CLANG_CXX_LANGUAGE_STANDARD = "gnu++20";
				CLANG_ENABLE_MODULES = YES;
				CLANG_ENABLE_OBJC_ARC = YES;
				CLANG_ENABLE_OBJC_WEAK = YES;
				CLANG_WARN_BLOCK_CAPTURE_AUTORELEASING = YES;
				CLANG_WARN_BOOL_CONVERSION = YES;
				CLANG_WARN_COMMA = YES;
				CLANG_WARN_CONSTANT_CONVERSION = YES;
				CLANG_WARN_DEPRECATED_OBJC_IMPLEMENTATIONS = YES;
				CLANG_WARN_DIRECT_OBJC_ISA_USAGE = YES_ERROR;
				CLANG_WARN_DOCUMENTATION_COMMENTS = YES;
				CLANG_WARN_EMPTY_BODY = YES;
				CLANG_WARN_ENUM_CONVERSION = YES;
				CLANG_WARN_INFINITE_RECURSION = YES;
				CLANG_WARN_INT_CONVERSION = YES;
				CLANG_WARN_NON_LITERAL_NULL_CONVERSION = YES;
				CLANG_WARN_OBJC_IMPLICIT_RETAIN_SELF = YES;
				CLANG_WARN_OBJC_LITERAL_CONVERSION = YES;
				CLANG_WARN_OBJC_ROOT_CLASS = YES_ERROR;
				CLANG_WARN_QUOTED_INCLUDE_IN_FRAMEWORK_HEADER = YES;
				CLANG_WARN_RANGE_LOOP_ANALYSIS = YES;
				CLANG_WARN_STRICT_PROTOTYPES = YES;
				CLANG_WARN_SUSPICIOUS_MOVE = YES;
				CLANG_WARN_UNGUARDED_AVAILABILITY = YES_AGGRESSIVE;
				CLANG_WARN_UNREACHABLE_CODE = YES;
				CLANG_WARN__DUPLICATE_METHOD_MATCH = YES;
				COPY_PHASE_STRIP = NO;
				DEBUG_INFORMATION_FORMAT = dwarf;
				ENABLE_STRICT_OBJC_MSGSEND = YES;
				ENABLE_TESTABILITY = YES;
				GCC_C_LANGUAGE_STANDARD = gnu11;
				GCC_DYNAMIC_NO_PIC = NO;
				GCC_NO_COMMON_BLOCKS = YES;
				GCC_OPTIMIZATION_LEVEL = 0;
				GCC_PREPROCESSOR_DEFINITIONS = (
					"DEBUG=1",
					"$(inherited)",
				);
				GCC_WARN_64_TO_32_BIT_CONVERSION = YES;
				GCC_WARN_ABOUT_RETURN_TYPE = YES_ERROR;
				GCC_WARN_UNDECLARED_SELECTOR = YES;
				GCC_WARN_UNINITIALIZED_AUTOS = YES_AGGRESSIVE;
				GCC_WARN_UNUSED_FUNCTION = YES;
				GCC_WARN_UNUSED_VARIABLE = YES;
				IPHONEOS_DEPLOYMENT_TARGET = 16.0;
				MTL_ENABLE_DEBUG_INFO = INCLUDE_SOURCE;
				MTL_FAST_MATH = YES;
				ONLY_ACTIVE_ARCH = YES;
				SDKROOT = iphoneos;
				SWIFT_ACTIVE_COMPILATION_CONDITIONS = DEBUG;
				SWIFT_OPTIMIZATION_LEVEL = "-Onone";
			};
			name = Debug;
		};
		8492533229437D710068D6E0 /* Release */ = {
			isa = XCBuildConfiguration;
			buildSettings = {
				ALWAYS_SEARCH_USER_PATHS = NO;
				CLANG_ANALYZER_NONNULL = YES;
				CLANG_ANALYZER_NUMBER_OBJECT_CONVERSION = YES_AGGRESSIVE;
				CLANG_CXX_LANGUAGE_STANDARD = "gnu++20";
				CLANG_ENABLE_MODULES = YES;
				CLANG_ENABLE_OBJC_ARC = YES;
				CLANG_ENABLE_OBJC_WEAK = YES;
				CLANG_WARN_BLOCK_CAPTURE_AUTORELEASING = YES;
				CLANG_WARN_BOOL_CONVERSION = YES;
				CLANG_WARN_COMMA = YES;
				CLANG_WARN_CONSTANT_CONVERSION = YES;
				CLANG_WARN_DEPRECATED_OBJC_IMPLEMENTATIONS = YES;
				CLANG_WARN_DIRECT_OBJC_ISA_USAGE = YES_ERROR;
				CLANG_WARN_DOCUMENTATION_COMMENTS = YES;
				CLANG_WARN_EMPTY_BODY = YES;
				CLANG_WARN_ENUM_CONVERSION = YES;
				CLANG_WARN_INFINITE_RECURSION = YES;
				CLANG_WARN_INT_CONVERSION = YES;
				CLANG_WARN_NON_LITERAL_NULL_CONVERSION = YES;
				CLANG_WARN_OBJC_IMPLICIT_RETAIN_SELF = YES;
				CLANG_WARN_OBJC_LITERAL_CONVERSION = YES;
				CLANG_WARN_OBJC_ROOT_CLASS = YES_ERROR;
				CLANG_WARN_QUOTED_INCLUDE_IN_FRAMEWORK_HEADER = YES;
				CLANG_WARN_RANGE_LOOP_ANALYSIS = YES;
				CLANG_WARN_STRICT_PROTOTYPES = YES;
				CLANG_WARN_SUSPICIOUS_MOVE = YES;
				CLANG_WARN_UNGUARDED_AVAILABILITY = YES_AGGRESSIVE;
				CLANG_WARN_UNREACHABLE_CODE = YES;
				CLANG_WARN__DUPLICATE_METHOD_MATCH = YES;
				COPY_PHASE_STRIP = NO;
				DEBUG_INFORMATION_FORMAT = "dwarf-with-dsym";
				ENABLE_NS_ASSERTIONS = NO;
				ENABLE_STRICT_OBJC_MSGSEND = YES;
				GCC_C_LANGUAGE_STANDARD = gnu11;
				GCC_NO_COMMON_BLOCKS = YES;
				GCC_WARN_64_TO_32_BIT_CONVERSION = YES;
				GCC_WARN_ABOUT_RETURN_TYPE = YES_ERROR;
				GCC_WARN_UNDECLARED_SELECTOR = YES;
				GCC_WARN_UNINITIALIZED_AUTOS = YES_AGGRESSIVE;
				GCC_WARN_UNUSED_FUNCTION = YES;
				GCC_WARN_UNUSED_VARIABLE = YES;
				IPHONEOS_DEPLOYMENT_TARGET = 16.0;
				MTL_ENABLE_DEBUG_INFO = NO;
				MTL_FAST_MATH = YES;
				SDKROOT = iphoneos;
				SWIFT_COMPILATION_MODE = wholemodule;
				SWIFT_OPTIMIZATION_LEVEL = "-O";
				VALIDATE_PRODUCT = YES;
			};
			name = Release;
		};
		8492533429437D710068D6E0 /* Debug */ = {
			isa = XCBuildConfiguration;
			buildSettings = {
				ASSETCATALOG_COMPILER_APPICON_NAME = AppIcon;
				ASSETCATALOG_COMPILER_GLOBAL_ACCENT_COLOR_NAME = AccentColor;
				CODE_SIGN_STYLE = Automatic;
				CURRENT_PROJECT_VERSION = 1;
				DEVELOPMENT_TEAM = N4M3759P9C;
				GENERATE_INFOPLIST_FILE = YES;
				INFOPLIST_FILE = Strategy/Info.plist;
				INFOPLIST_KEY_UIApplicationSupportsIndirectInputEvents = YES;
				INFOPLIST_KEY_UILaunchStoryboardName = LaunchScreen;
				INFOPLIST_KEY_UIMainStoryboardFile = Main;
				INFOPLIST_KEY_UISupportedInterfaceOrientations = UIInterfaceOrientationPortrait;
				LD_RUNPATH_SEARCH_PATHS = (
					"$(inherited)",
					"@executable_path/Frameworks",
				);
				MARKETING_VERSION = 1.0;
				PRODUCT_BUNDLE_IDENTIFIER = com.Strategy;
				PRODUCT_NAME = "$(TARGET_NAME)";
				SUPPORTED_PLATFORMS = "iphoneos iphonesimulator";
				SUPPORTS_MACCATALYST = NO;
				SUPPORTS_MAC_DESIGNED_FOR_IPHONE_IPAD = NO;
				SWIFT_EMIT_LOC_STRINGS = YES;
				SWIFT_VERSION = 5.0;
				TARGETED_DEVICE_FAMILY = 1;
			};
			name = Debug;
		};
		8492533529437D710068D6E0 /* Release */ = {
			isa = XCBuildConfiguration;
			buildSettings = {
				ASSETCATALOG_COMPILER_APPICON_NAME = AppIcon;
				ASSETCATALOG_COMPILER_GLOBAL_ACCENT_COLOR_NAME = AccentColor;
				CODE_SIGN_STYLE = Automatic;
				CURRENT_PROJECT_VERSION = 1;
				DEVELOPMENT_TEAM = N4M3759P9C;
				GENERATE_INFOPLIST_FILE = YES;
				INFOPLIST_FILE = Strategy/Info.plist;
				INFOPLIST_KEY_UIApplicationSupportsIndirectInputEvents = YES;
				INFOPLIST_KEY_UILaunchStoryboardName = LaunchScreen;
				INFOPLIST_KEY_UIMainStoryboardFile = Main;
				INFOPLIST_KEY_UISupportedInterfaceOrientations = UIInterfaceOrientationPortrait;
				LD_RUNPATH_SEARCH_PATHS = (
					"$(inherited)",
					"@executable_path/Frameworks",
				);
				MARKETING_VERSION = 1.0;
				PRODUCT_BUNDLE_IDENTIFIER = com.Strategy;
				PRODUCT_NAME = "$(TARGET_NAME)";
				SUPPORTED_PLATFORMS = "iphoneos iphonesimulator";
				SUPPORTS_MACCATALYST = NO;
				SUPPORTS_MAC_DESIGNED_FOR_IPHONE_IPAD = NO;
				SWIFT_EMIT_LOC_STRINGS = YES;
				SWIFT_VERSION = 5.0;
				TARGETED_DEVICE_FAMILY = 1;
			};
			name = Release;
		};
		8492533729437D710068D6E0 /* Debug */ = {
			isa = XCBuildConfiguration;
			buildSettings = {
				ALWAYS_EMBED_SWIFT_STANDARD_LIBRARIES = YES;
				BUNDLE_LOADER = "$(TEST_HOST)";
				CODE_SIGN_STYLE = Automatic;
				CURRENT_PROJECT_VERSION = 1;
				DEVELOPMENT_TEAM = N4M3759P9C;
				GENERATE_INFOPLIST_FILE = YES;
				IPHONEOS_DEPLOYMENT_TARGET = 16.0;
				MARKETING_VERSION = 1.0;
				PRODUCT_BUNDLE_IDENTIFIER = com.StrategyTests;
				PRODUCT_NAME = "$(TARGET_NAME)";
				SWIFT_EMIT_LOC_STRINGS = NO;
				SWIFT_VERSION = 5.0;
				TARGETED_DEVICE_FAMILY = "1,2";
				TEST_HOST = "$(BUILT_PRODUCTS_DIR)/Strategy.app/$(BUNDLE_EXECUTABLE_FOLDER_PATH)/Strategy";
			};
			name = Debug;
		};
		8492533829437D710068D6E0 /* Release */ = {
			isa = XCBuildConfiguration;
			buildSettings = {
				ALWAYS_EMBED_SWIFT_STANDARD_LIBRARIES = YES;
				BUNDLE_LOADER = "$(TEST_HOST)";
				CODE_SIGN_STYLE = Automatic;
				CURRENT_PROJECT_VERSION = 1;
				DEVELOPMENT_TEAM = N4M3759P9C;
				GENERATE_INFOPLIST_FILE = YES;
				IPHONEOS_DEPLOYMENT_TARGET = 16.0;
				MARKETING_VERSION = 1.0;
				PRODUCT_BUNDLE_IDENTIFIER = com.StrategyTests;
				PRODUCT_NAME = "$(TARGET_NAME)";
				SWIFT_EMIT_LOC_STRINGS = NO;
				SWIFT_VERSION = 5.0;
				TARGETED_DEVICE_FAMILY = "1,2";
				TEST_HOST = "$(BUILT_PRODUCTS_DIR)/Strategy.app/$(BUNDLE_EXECUTABLE_FOLDER_PATH)/Strategy";
			};
			name = Release;
		};
		8492533A29437D710068D6E0 /* Debug */ = {
			isa = XCBuildConfiguration;
			buildSettings = {
				ALWAYS_EMBED_SWIFT_STANDARD_LIBRARIES = YES;
				CODE_SIGN_STYLE = Automatic;
				CURRENT_PROJECT_VERSION = 1;
				DEVELOPMENT_TEAM = N4M3759P9C;
				GENERATE_INFOPLIST_FILE = YES;
				MARKETING_VERSION = 1.0;
				PRODUCT_BUNDLE_IDENTIFIER = com.StrategyUITests;
				PRODUCT_NAME = "$(TARGET_NAME)";
				SWIFT_EMIT_LOC_STRINGS = NO;
				SWIFT_VERSION = 5.0;
				TARGETED_DEVICE_FAMILY = "1,2";
				TEST_TARGET_NAME = Strategy;
			};
			name = Debug;
		};
		8492533B29437D710068D6E0 /* Release */ = {
			isa = XCBuildConfiguration;
			buildSettings = {
				ALWAYS_EMBED_SWIFT_STANDARD_LIBRARIES = YES;
				CODE_SIGN_STYLE = Automatic;
				CURRENT_PROJECT_VERSION = 1;
				DEVELOPMENT_TEAM = N4M3759P9C;
				GENERATE_INFOPLIST_FILE = YES;
				MARKETING_VERSION = 1.0;
				PRODUCT_BUNDLE_IDENTIFIER = com.StrategyUITests;
				PRODUCT_NAME = "$(TARGET_NAME)";
				SWIFT_EMIT_LOC_STRINGS = NO;
				SWIFT_VERSION = 5.0;
				TARGETED_DEVICE_FAMILY = "1,2";
				TEST_TARGET_NAME = Strategy;
			};
			name = Release;
		};
/* End XCBuildConfiguration section */

/* Begin XCConfigurationList section */
		8492530429437D6D0068D6E0 /* Build configuration list for PBXProject "Strategy" */ = {
			isa = XCConfigurationList;
			buildConfigurations = (
				8492533129437D710068D6E0 /* Debug */,
				8492533229437D710068D6E0 /* Release */,
			);
			defaultConfigurationIsVisible = 0;
			defaultConfigurationName = Release;
		};
		8492533329437D710068D6E0 /* Build configuration list for PBXNativeTarget "Strategy" */ = {
			isa = XCConfigurationList;
			buildConfigurations = (
				8492533429437D710068D6E0 /* Debug */,
				8492533529437D710068D6E0 /* Release */,
			);
			defaultConfigurationIsVisible = 0;
			defaultConfigurationName = Release;
		};
		8492533629437D710068D6E0 /* Build configuration list for PBXNativeTarget "StrategyTests" */ = {
			isa = XCConfigurationList;
			buildConfigurations = (
				8492533729437D710068D6E0 /* Debug */,
				8492533829437D710068D6E0 /* Release */,
			);
			defaultConfigurationIsVisible = 0;
			defaultConfigurationName = Release;
		};
		8492533929437D710068D6E0 /* Build configuration list for PBXNativeTarget "StrategyUITests" */ = {
			isa = XCConfigurationList;
			buildConfigurations = (
				8492533A29437D710068D6E0 /* Debug */,
				8492533B29437D710068D6E0 /* Release */,
			);
			defaultConfigurationIsVisible = 0;
			defaultConfigurationName = Release;
		};
/* End XCConfigurationList section */
	};
	rootObject = 8492530129437D6D0068D6E0 /* Project object */;
}
